// !$*UTF8*$!
{
	archiveVersion = 1;
	classes = {
	};
	objectVersion = 56;
	objects = {

/* Begin PBXBuildFile section */
		071257C02B98E43300717C76 /* Coordinators_Impl in Frameworks */ = {isa = PBXBuildFile; productRef = 071257BF2B98E43300717C76 /* Coordinators_Impl */; };
		077B2D432B9A68B10094FE94 /* RecipeSearchAppUITests.swift in Sources */ = {isa = PBXBuildFile; fileRef = 077B2D422B9A68B10094FE94 /* RecipeSearchAppUITests.swift */; };
		077CBB902B98BFDF00243EAD /* AppDelegate.swift in Sources */ = {isa = PBXBuildFile; fileRef = 077CBB8F2B98BFDF00243EAD /* AppDelegate.swift */; };
		077CBB992B98BFE000243EAD /* Assets.xcassets in Resources */ = {isa = PBXBuildFile; fileRef = 077CBB982B98BFE000243EAD /* Assets.xcassets */; };
		077CBB9C2B98BFE000243EAD /* LaunchScreen.storyboard in Resources */ = {isa = PBXBuildFile; fileRef = 077CBB9A2B98BFE000243EAD /* LaunchScreen.storyboard */; };
/* End PBXBuildFile section */

/* Begin PBXContainerItemProxy section */
		077B2D462B9A68B10094FE94 /* PBXContainerItemProxy */ = {
			isa = PBXContainerItemProxy;
			containerPortal = 077CBB842B98BFDF00243EAD /* Project object */;
			proxyType = 1;
			remoteGlobalIDString = 077CBB8B2B98BFDF00243EAD;
			remoteInfo = RecipeSearchApp;
		};
		077B2D532B9A70F30094FE94 /* PBXContainerItemProxy */ = {
			isa = PBXContainerItemProxy;
			containerPortal = 077CBB842B98BFDF00243EAD /* Project object */;
			proxyType = 1;
			remoteGlobalIDString = 077CBB8B2B98BFDF00243EAD;
			remoteInfo = RecipeSearchApp;
		};
/* End PBXContainerItemProxy section */

/* Begin PBXFileReference section */
		077B2D422B9A68B10094FE94 /* RecipeSearchAppUITests.swift */ = {isa = PBXFileReference; lastKnownFileType = sourcecode.swift; path = RecipeSearchAppUITests.swift; sourceTree = "<group>"; };
		077CBB8F2B98BFDF00243EAD /* AppDelegate.swift */ = {isa = PBXFileReference; lastKnownFileType = sourcecode.swift; path = AppDelegate.swift; sourceTree = "<group>"; };
		077CBB982B98BFE000243EAD /* Assets.xcassets */ = {isa = PBXFileReference; lastKnownFileType = folder.assetcatalog; path = Assets.xcassets; sourceTree = "<group>"; };
		077CBB9B2B98BFE000243EAD /* Base */ = {isa = PBXFileReference; lastKnownFileType = file.storyboard; name = Base; path = Base.lproj/LaunchScreen.storyboard; sourceTree = "<group>"; };
		077CBB9D2B98BFE000243EAD /* Info.plist */ = {isa = PBXFileReference; lastKnownFileType = text.plist.xml; path = Info.plist; sourceTree = "<group>"; };
		077CBBC12B98C29E00243EAD /* Modules */ = {isa = PBXFileReference; lastKnownFileType = wrapper; path = Modules; sourceTree = "<group>"; };
		07AE3D852B9A80EE00BCE7F1 /* RecipeSearchApp.app */ = {isa = PBXFileReference; explicitFileType = wrapper.application; includeInIndex = 0; name = RecipeSearchApp.app; path = "/Users/filipesanto/RecipeSearchApp/build/Debug-iphoneos/RecipeSearchApp.app"; sourceTree = "<absolute>"; };
		07AE3D862B9A80EE00BCE7F1 /* RecipeSearchAppUITests.xctest */ = {isa = PBXFileReference; explicitFileType = wrapper.cfbundle; includeInIndex = 0; name = RecipeSearchAppUITests.xctest; path = "/Users/filipesanto/RecipeSearchApp/build/Debug-iphoneos/RecipeSearchAppUITests.xctest"; sourceTree = "<absolute>"; };
		07AE3D872B9A80EE00BCE7F1 /* RecipeSearchAppTests.xctest */ = {isa = PBXFileReference; explicitFileType = wrapper.cfbundle; includeInIndex = 0; name = RecipeSearchAppTests.xctest; path = "/Users/filipesanto/RecipeSearchApp/build/Debug-iphoneos/RecipeSearchAppTests.xctest"; sourceTree = "<absolute>"; };
/* End PBXFileReference section */

/* Begin PBXFrameworksBuildPhase section */
		077B2D3D2B9A68B10094FE94 /* Frameworks */ = {
			isa = PBXFrameworksBuildPhase;
			buildActionMask = 2147483647;
			files = (
			);
			runOnlyForDeploymentPostprocessing = 0;
		};
		077B2D4C2B9A70F30094FE94 /* Frameworks */ = {
			isa = PBXFrameworksBuildPhase;
			buildActionMask = 2147483647;
			files = (
			);
			runOnlyForDeploymentPostprocessing = 0;
		};
		077CBB892B98BFDF00243EAD /* Frameworks */ = {
			isa = PBXFrameworksBuildPhase;
			buildActionMask = 2147483647;
			files = (
				071257C02B98E43300717C76 /* Coordinators_Impl in Frameworks */,
			);
			runOnlyForDeploymentPostprocessing = 0;
		};
/* End PBXFrameworksBuildPhase section */

/* Begin PBXGroup section */
		077B2D412B9A68B10094FE94 /* RecipeSearchAppUITests */ = {
			isa = PBXGroup;
			children = (
				077B2D422B9A68B10094FE94 /* RecipeSearchAppUITests.swift */,
			);
			path = RecipeSearchAppUITests;
			sourceTree = "<group>";
		};
		077CBB832B98BFDF00243EAD = {
			isa = PBXGroup;
			children = (
				077CBBC12B98C29E00243EAD /* Modules */,
				077CBB8E2B98BFDF00243EAD /* RecipeSearchApp */,
				077B2D412B9A68B10094FE94 /* RecipeSearchAppUITests */,
			);
			sourceTree = "<group>";
		};
		077CBB8E2B98BFDF00243EAD /* RecipeSearchApp */ = {
			isa = PBXGroup;
			children = (
				077CBB8F2B98BFDF00243EAD /* AppDelegate.swift */,
				077CBB982B98BFE000243EAD /* Assets.xcassets */,
				077CBB9A2B98BFE000243EAD /* LaunchScreen.storyboard */,
				077CBB9D2B98BFE000243EAD /* Info.plist */,
			);
			path = RecipeSearchApp;
			sourceTree = "<group>";
		};
/* End PBXGroup section */

/* Begin PBXNativeTarget section */
		077B2D3F2B9A68B10094FE94 /* RecipeSearchAppUITests */ = {
			isa = PBXNativeTarget;
			buildConfigurationList = 077B2D482B9A68B10094FE94 /* Build configuration list for PBXNativeTarget "RecipeSearchAppUITests" */;
			buildPhases = (
				077B2D3C2B9A68B10094FE94 /* Sources */,
				077B2D3D2B9A68B10094FE94 /* Frameworks */,
				077B2D3E2B9A68B10094FE94 /* Resources */,
			);
			buildRules = (
			);
			dependencies = (
				077B2D472B9A68B10094FE94 /* PBXTargetDependency */,
			);
			name = RecipeSearchAppUITests;
			productName = RecipeSearchAppUITests;
			productReference = 07AE3D862B9A80EE00BCE7F1 /* RecipeSearchAppUITests.xctest */;
			productType = "com.apple.product-type.bundle.ui-testing";
		};
		077B2D4E2B9A70F30094FE94 /* RecipeSearchAppTests */ = {
			isa = PBXNativeTarget;
			buildConfigurationList = 077B2D552B9A70F30094FE94 /* Build configuration list for PBXNativeTarget "RecipeSearchAppTests" */;
			buildPhases = (
				077B2D4B2B9A70F30094FE94 /* Sources */,
				077B2D4C2B9A70F30094FE94 /* Frameworks */,
				077B2D4D2B9A70F30094FE94 /* Resources */,
			);
			buildRules = (
			);
			dependencies = (
				077B2D542B9A70F30094FE94 /* PBXTargetDependency */,
			);
			name = RecipeSearchAppTests;
			productName = RecipeSearchAppTests;
			productReference = 07AE3D872B9A80EE00BCE7F1 /* RecipeSearchAppTests.xctest */;
			productType = "com.apple.product-type.bundle.unit-test";
		};
		077CBB8B2B98BFDF00243EAD /* RecipeSearchApp */ = {
			isa = PBXNativeTarget;
			buildConfigurationList = 077CBBB62B98BFE000243EAD /* Build configuration list for PBXNativeTarget "RecipeSearchApp" */;
			buildPhases = (
				077CBB882B98BFDF00243EAD /* Sources */,
				077CBB892B98BFDF00243EAD /* Frameworks */,
				077CBB8A2B98BFDF00243EAD /* Resources */,
			);
			buildRules = (
			);
			dependencies = (
			);
			name = RecipeSearchApp;
			packageProductDependencies = (
				071257BF2B98E43300717C76 /* Coordinators_Impl */,
			);
			productName = RecipeSearchApp;
			productReference = 07AE3D852B9A80EE00BCE7F1 /* RecipeSearchApp.app */;
			productType = "com.apple.product-type.application";
		};
/* End PBXNativeTarget section */

/* Begin PBXProject section */
		077CBB842B98BFDF00243EAD /* Project object */ = {
			isa = PBXProject;
			attributes = {
				BuildIndependentTargetsInParallel = 1;
				LastSwiftUpdateCheck = 1430;
				LastUpgradeCheck = 1430;
				TargetAttributes = {
					077B2D3F2B9A68B10094FE94 = {
						CreatedOnToolsVersion = 14.3.1;
						TestTargetID = 077CBB8B2B98BFDF00243EAD;
					};
					077B2D4E2B9A70F30094FE94 = {
						CreatedOnToolsVersion = 14.3.1;
						TestTargetID = 077CBB8B2B98BFDF00243EAD;
					};
					077CBB8B2B98BFDF00243EAD = {
						CreatedOnToolsVersion = 14.3.1;
					};
				};
			};
			buildConfigurationList = 077CBB872B98BFDF00243EAD /* Build configuration list for PBXProject "RecipeSearchApp" */;
			compatibilityVersion = "Xcode 14.0";
			developmentRegion = en;
			hasScannedForEncodings = 0;
			knownRegions = (
				en,
				Base,
			);
			mainGroup = 077CBB832B98BFDF00243EAD;
			productRefGroup = 077CBB832B98BFDF00243EAD;
			projectDirPath = "";
			projectRoot = "";
			targets = (
				077CBB8B2B98BFDF00243EAD /* RecipeSearchApp */,
				077B2D3F2B9A68B10094FE94 /* RecipeSearchAppUITests */,
				077B2D4E2B9A70F30094FE94 /* RecipeSearchAppTests */,
			);
		};
/* End PBXProject section */

/* Begin PBXResourcesBuildPhase section */
		077B2D3E2B9A68B10094FE94 /* Resources */ = {
			isa = PBXResourcesBuildPhase;
			buildActionMask = 2147483647;
			files = (
			);
			runOnlyForDeploymentPostprocessing = 0;
		};
		077B2D4D2B9A70F30094FE94 /* Resources */ = {
			isa = PBXResourcesBuildPhase;
			buildActionMask = 2147483647;
			files = (
			);
			runOnlyForDeploymentPostprocessing = 0;
		};
		077CBB8A2B98BFDF00243EAD /* Resources */ = {
			isa = PBXResourcesBuildPhase;
			buildActionMask = 2147483647;
			files = (
				077CBB9C2B98BFE000243EAD /* LaunchScreen.storyboard in Resources */,
				077CBB992B98BFE000243EAD /* Assets.xcassets in Resources */,
			);
			runOnlyForDeploymentPostprocessing = 0;
		};
/* End PBXResourcesBuildPhase section */

/* Begin PBXSourcesBuildPhase section */
		077B2D3C2B9A68B10094FE94 /* Sources */ = {
			isa = PBXSourcesBuildPhase;
			buildActionMask = 2147483647;
			files = (
				077B2D432B9A68B10094FE94 /* RecipeSearchAppUITests.swift in Sources */,
			);
			runOnlyForDeploymentPostprocessing = 0;
		};
		077B2D4B2B9A70F30094FE94 /* Sources */ = {
			isa = PBXSourcesBuildPhase;
			buildActionMask = 2147483647;
			files = (
			);
			runOnlyForDeploymentPostprocessing = 0;
		};
		077CBB882B98BFDF00243EAD /* Sources */ = {
			isa = PBXSourcesBuildPhase;
			buildActionMask = 2147483647;
			files = (
				077CBB902B98BFDF00243EAD /* AppDelegate.swift in Sources */,
			);
			runOnlyForDeploymentPostprocessing = 0;
		};
/* End PBXSourcesBuildPhase section */

/* Begin PBXTargetDependency section */
		077B2D472B9A68B10094FE94 /* PBXTargetDependency */ = {
			isa = PBXTargetDependency;
			target = 077CBB8B2B98BFDF00243EAD /* RecipeSearchApp */;
			targetProxy = 077B2D462B9A68B10094FE94 /* PBXContainerItemProxy */;
		};
		077B2D542B9A70F30094FE94 /* PBXTargetDependency */ = {
			isa = PBXTargetDependency;
			target = 077CBB8B2B98BFDF00243EAD /* RecipeSearchApp */;
			targetProxy = 077B2D532B9A70F30094FE94 /* PBXContainerItemProxy */;
		};
/* End PBXTargetDependency section */

/* Begin PBXVariantGroup section */
		077CBB9A2B98BFE000243EAD /* LaunchScreen.storyboard */ = {
			isa = PBXVariantGroup;
			children = (
				077CBB9B2B98BFE000243EAD /* Base */,
			);
			name = LaunchScreen.storyboard;
			sourceTree = "<group>";
		};
/* End PBXVariantGroup section */

/* Begin XCBuildConfiguration section */
		077B2D492B9A68B10094FE94 /* Debug */ = {
			isa = XCBuildConfiguration;
			buildSettings = {
				CODE_SIGN_STYLE = Automatic;
				CURRENT_PROJECT_VERSION = 1;
				GENERATE_INFOPLIST_FILE = YES;
				IPHONEOS_DEPLOYMENT_TARGET = 15.0;
				MARKETING_VERSION = 1.0;
				PRODUCT_BUNDLE_IDENTIFIER = filipesanto.RecipeSearchAppUITests;
				PRODUCT_NAME = "$(TARGET_NAME)";
				SWIFT_EMIT_LOC_STRINGS = NO;
				SWIFT_VERSION = 5.0;
				TARGETED_DEVICE_FAMILY = "1,2";
				TEST_TARGET_NAME = RecipeSearchApp;
			};
			name = Debug;
		};
		077B2D4A2B9A68B10094FE94 /* Release */ = {
			isa = XCBuildConfiguration;
			buildSettings = {
				CODE_SIGN_STYLE = Automatic;
				CURRENT_PROJECT_VERSION = 1;
				GENERATE_INFOPLIST_FILE = YES;
				IPHONEOS_DEPLOYMENT_TARGET = 15.0;
				MARKETING_VERSION = 1.0;
				PRODUCT_BUNDLE_IDENTIFIER = filipesanto.RecipeSearchAppUITests;
				PRODUCT_NAME = "$(TARGET_NAME)";
				SWIFT_EMIT_LOC_STRINGS = NO;
				SWIFT_VERSION = 5.0;
				TARGETED_DEVICE_FAMILY = "1,2";
				TEST_TARGET_NAME = RecipeSearchApp;
			};
			name = Release;
		};
		077B2D562B9A70F30094FE94 /* Debug */ = {
			isa = XCBuildConfiguration;
			buildSettings = {
				BUNDLE_LOADER = "$(TEST_HOST)";
				CODE_SIGN_STYLE = Automatic;
				CURRENT_PROJECT_VERSION = 1;
				GENERATE_INFOPLIST_FILE = YES;
				MARKETING_VERSION = 1.0;
				PRODUCT_BUNDLE_IDENTIFIER = filipesanto.RecipeSearchAppTests;
				PRODUCT_NAME = "$(TARGET_NAME)";
				SWIFT_EMIT_LOC_STRINGS = NO;
				SWIFT_VERSION = 5.0;
				TARGETED_DEVICE_FAMILY = "1,2";
				TEST_HOST = "$(BUILT_PRODUCTS_DIR)/RecipeSearchApp.app/$(BUNDLE_EXECUTABLE_FOLDER_PATH)/RecipeSearchApp";
			};
			name = Debug;
		};
		077B2D572B9A70F30094FE94 /* Release */ = {
			isa = XCBuildConfiguration;
			buildSettings = {
				BUNDLE_LOADER = "$(TEST_HOST)";
				CODE_SIGN_STYLE = Automatic;
				CURRENT_PROJECT_VERSION = 1;
				GENERATE_INFOPLIST_FILE = YES;
				MARKETING_VERSION = 1.0;
				PRODUCT_BUNDLE_IDENTIFIER = filipesanto.RecipeSearchAppTests;
				PRODUCT_NAME = "$(TARGET_NAME)";
				SWIFT_EMIT_LOC_STRINGS = NO;
				SWIFT_VERSION = 5.0;
				TARGETED_DEVICE_FAMILY = "1,2";
				TEST_HOST = "$(BUILT_PRODUCTS_DIR)/RecipeSearchApp.app/$(BUNDLE_EXECUTABLE_FOLDER_PATH)/RecipeSearchApp";
			};
			name = Release;
		};
		077CBBB42B98BFE000243EAD /* Debug */ = {
			isa = XCBuildConfiguration;
			buildSettings = {
				ALWAYS_SEARCH_USER_PATHS = NO;
				CLANG_ANALYZER_NONNULL = YES;
				CLANG_ANALYZER_NUMBER_OBJECT_CONVERSION = YES_AGGRESSIVE;
				CLANG_CXX_LANGUAGE_STANDARD = "gnu++20";
				CLANG_ENABLE_MODULES = YES;
				CLANG_ENABLE_OBJC_ARC = YES;
				CLANG_ENABLE_OBJC_WEAK = YES;
				CLANG_WARN_BLOCK_CAPTURE_AUTORELEASING = YES;
				CLANG_WARN_BOOL_CONVERSION = YES;
				CLANG_WARN_COMMA = YES;
				CLANG_WARN_CONSTANT_CONVERSION = YES;
				CLANG_WARN_DEPRECATED_OBJC_IMPLEMENTATIONS = YES;
				CLANG_WARN_DIRECT_OBJC_ISA_USAGE = YES_ERROR;
				CLANG_WARN_DOCUMENTATION_COMMENTS = YES;
				CLANG_WARN_EMPTY_BODY = YES;
				CLANG_WARN_ENUM_CONVERSION = YES;
				CLANG_WARN_INFINITE_RECURSION = YES;
				CLANG_WARN_INT_CONVERSION = YES;
				CLANG_WARN_NON_LITERAL_NULL_CONVERSION = YES;
				CLANG_WARN_OBJC_IMPLICIT_RETAIN_SELF = YES;
				CLANG_WARN_OBJC_LITERAL_CONVERSION = YES;
				CLANG_WARN_OBJC_ROOT_CLASS = YES_ERROR;
				CLANG_WARN_QUOTED_INCLUDE_IN_FRAMEWORK_HEADER = YES;
				CLANG_WARN_RANGE_LOOP_ANALYSIS = YES;
				CLANG_WARN_STRICT_PROTOTYPES = YES;
				CLANG_WARN_SUSPICIOUS_MOVE = YES;
				CLANG_WARN_UNGUARDED_AVAILABILITY = YES_AGGRESSIVE;
				CLANG_WARN_UNREACHABLE_CODE = YES;
				CLANG_WARN__DUPLICATE_METHOD_MATCH = YES;
				COPY_PHASE_STRIP = NO;
				DEBUG_INFORMATION_FORMAT = dwarf;
				ENABLE_STRICT_OBJC_MSGSEND = YES;
				ENABLE_TESTABILITY = YES;
				GCC_C_LANGUAGE_STANDARD = gnu11;
				GCC_DYNAMIC_NO_PIC = NO;
				GCC_NO_COMMON_BLOCKS = YES;
				GCC_OPTIMIZATION_LEVEL = 0;
				GCC_PREPROCESSOR_DEFINITIONS = (
					"DEBUG=1",
					"$(inherited)",
				);
				GCC_WARN_64_TO_32_BIT_CONVERSION = YES;
				GCC_WARN_ABOUT_RETURN_TYPE = YES_ERROR;
				GCC_WARN_UNDECLARED_SELECTOR = YES;
				GCC_WARN_UNINITIALIZED_AUTOS = YES_AGGRESSIVE;
				GCC_WARN_UNUSED_FUNCTION = YES;
				GCC_WARN_UNUSED_VARIABLE = YES;
				IPHONEOS_DEPLOYMENT_TARGET = 16.4;
				MTL_ENABLE_DEBUG_INFO = INCLUDE_SOURCE;
				MTL_FAST_MATH = YES;
				ONLY_ACTIVE_ARCH = YES;
				SDKROOT = iphoneos;
				SWIFT_ACTIVE_COMPILATION_CONDITIONS = DEBUG;
				SWIFT_OPTIMIZATION_LEVEL = "-Onone";
			};
			name = Debug;
		};
		077CBBB52B98BFE000243EAD /* Release */ = {
			isa = XCBuildConfiguration;
			buildSettings = {
				ALWAYS_SEARCH_USER_PATHS = NO;
				CLANG_ANALYZER_NONNULL = YES;
				CLANG_ANALYZER_NUMBER_OBJECT_CONVERSION = YES_AGGRESSIVE;
				CLANG_CXX_LANGUAGE_STANDARD = "gnu++20";
				CLANG_ENABLE_MODULES = YES;
				CLANG_ENABLE_OBJC_ARC = YES;
				CLANG_ENABLE_OBJC_WEAK = YES;
				CLANG_WARN_BLOCK_CAPTURE_AUTORELEASING = YES;
				CLANG_WARN_BOOL_CONVERSION = YES;
				CLANG_WARN_COMMA = YES;
				CLANG_WARN_CONSTANT_CONVERSION = YES;
				CLANG_WARN_DEPRECATED_OBJC_IMPLEMENTATIONS = YES;
				CLANG_WARN_DIRECT_OBJC_ISA_USAGE = YES_ERROR;
				CLANG_WARN_DOCUMENTATION_COMMENTS = YES;
				CLANG_WARN_EMPTY_BODY = YES;
				CLANG_WARN_ENUM_CONVERSION = YES;
				CLANG_WARN_INFINITE_RECURSION = YES;
				CLANG_WARN_INT_CONVERSION = YES;
				CLANG_WARN_NON_LITERAL_NULL_CONVERSION = YES;
				CLANG_WARN_OBJC_IMPLICIT_RETAIN_SELF = YES;
				CLANG_WARN_OBJC_LITERAL_CONVERSION = YES;
				CLANG_WARN_OBJC_ROOT_CLASS = YES_ERROR;
				CLANG_WARN_QUOTED_INCLUDE_IN_FRAMEWORK_HEADER = YES;
				CLANG_WARN_RANGE_LOOP_ANALYSIS = YES;
				CLANG_WARN_STRICT_PROTOTYPES = YES;
				CLANG_WARN_SUSPICIOUS_MOVE = YES;
				CLANG_WARN_UNGUARDED_AVAILABILITY = YES_AGGRESSIVE;
				CLANG_WARN_UNREACHABLE_CODE = YES;
				CLANG_WARN__DUPLICATE_METHOD_MATCH = YES;
				COPY_PHASE_STRIP = NO;
				DEBUG_INFORMATION_FORMAT = "dwarf-with-dsym";
				ENABLE_NS_ASSERTIONS = NO;
				ENABLE_STRICT_OBJC_MSGSEND = YES;
				GCC_C_LANGUAGE_STANDARD = gnu11;
				GCC_NO_COMMON_BLOCKS = YES;
				GCC_WARN_64_TO_32_BIT_CONVERSION = YES;
				GCC_WARN_ABOUT_RETURN_TYPE = YES_ERROR;
				GCC_WARN_UNDECLARED_SELECTOR = YES;
				GCC_WARN_UNINITIALIZED_AUTOS = YES_AGGRESSIVE;
				GCC_WARN_UNUSED_FUNCTION = YES;
				GCC_WARN_UNUSED_VARIABLE = YES;
				IPHONEOS_DEPLOYMENT_TARGET = 16.4;
				MTL_ENABLE_DEBUG_INFO = NO;
				MTL_FAST_MATH = YES;
				SDKROOT = iphoneos;
				SWIFT_COMPILATION_MODE = wholemodule;
				SWIFT_OPTIMIZATION_LEVEL = "-O";
				VALIDATE_PRODUCT = YES;
			};
			name = Release;
		};
		077CBBB72B98BFE000243EAD /* Debug */ = {
			isa = XCBuildConfiguration;
			buildSettings = {
				ASSETCATALOG_COMPILER_APPICON_NAME = AppIcon;
				ASSETCATALOG_COMPILER_GLOBAL_ACCENT_COLOR_NAME = AccentColor;
				CODE_SIGN_STYLE = Automatic;
				CURRENT_PROJECT_VERSION = 1;
				GENERATE_INFOPLIST_FILE = YES;
				INFOPLIST_FILE = RecipeSearchApp/Info.plist;
				INFOPLIST_KEY_UIApplicationSupportsIndirectInputEvents = YES;
				INFOPLIST_KEY_UILaunchStoryboardName = LaunchScreen;
				INFOPLIST_KEY_UISupportedInterfaceOrientations_iPad = "UIInterfaceOrientationPortrait UIInterfaceOrientationPortraitUpsideDown UIInterfaceOrientationLandscapeLeft UIInterfaceOrientationLandscapeRight";
				INFOPLIST_KEY_UISupportedInterfaceOrientations_iPhone = "UIInterfaceOrientationPortrait UIInterfaceOrientationLandscapeLeft UIInterfaceOrientationLandscapeRight";
				LD_RUNPATH_SEARCH_PATHS = (
					"$(inherited)",
					"@executable_path/Frameworks",
				);
				MARKETING_VERSION = 1.0;
				PRODUCT_BUNDLE_IDENTIFIER = filipesanto.RecipeSearchApp;
				PRODUCT_NAME = "$(TARGET_NAME)";
				SUPPORTED_PLATFORMS = "iphoneos iphonesimulator";
				SUPPORTS_MACCATALYST = NO;
				SUPPORTS_MAC_DESIGNED_FOR_IPHONE_IPAD = NO;
				SWIFT_EMIT_LOC_STRINGS = YES;
				SWIFT_VERSION = 5.0;
				TARGETED_DEVICE_FAMILY = "1,2";
			};
			name = Debug;
		};
		077CBBB82B98BFE000243EAD /* Release */ = {
			isa = XCBuildConfiguration;
			buildSettings = {
				ASSETCATALOG_COMPILER_APPICON_NAME = AppIcon;
				ASSETCATALOG_COMPILER_GLOBAL_ACCENT_COLOR_NAME = AccentColor;
				CODE_SIGN_STYLE = Automatic;
				CURRENT_PROJECT_VERSION = 1;
				GENERATE_INFOPLIST_FILE = YES;
				INFOPLIST_FILE = RecipeSearchApp/Info.plist;
				INFOPLIST_KEY_UIApplicationSupportsIndirectInputEvents = YES;
				INFOPLIST_KEY_UILaunchStoryboardName = LaunchScreen;
				INFOPLIST_KEY_UISupportedInterfaceOrientations_iPad = "UIInterfaceOrientationPortrait UIInterfaceOrientationPortraitUpsideDown UIInterfaceOrientationLandscapeLeft UIInterfaceOrientationLandscapeRight";
				INFOPLIST_KEY_UISupportedInterfaceOrientations_iPhone = "UIInterfaceOrientationPortrait UIInterfaceOrientationLandscapeLeft UIInterfaceOrientationLandscapeRight";
				LD_RUNPATH_SEARCH_PATHS = (
					"$(inherited)",
					"@executable_path/Frameworks",
				);
				MARKETING_VERSION = 1.0;
				PRODUCT_BUNDLE_IDENTIFIER = filipesanto.RecipeSearchApp;
				PRODUCT_NAME = "$(TARGET_NAME)";
				SUPPORTED_PLATFORMS = "iphoneos iphonesimulator";
				SUPPORTS_MACCATALYST = NO;
				SUPPORTS_MAC_DESIGNED_FOR_IPHONE_IPAD = NO;
				SWIFT_EMIT_LOC_STRINGS = YES;
				SWIFT_VERSION = 5.0;
				TARGETED_DEVICE_FAMILY = "1,2";
			};
			name = Release;
		};
/* End XCBuildConfiguration section */

/* Begin XCConfigurationList section */
		077B2D482B9A68B10094FE94 /* Build configuration list for PBXNativeTarget "RecipeSearchAppUITests" */ = {
			isa = XCConfigurationList;
			buildConfigurations = (
				077B2D492B9A68B10094FE94 /* Debug */,
				077B2D4A2B9A68B10094FE94 /* Release */,
			);
			defaultConfigurationIsVisible = 0;
			defaultConfigurationName = Release;
		};
		077B2D552B9A70F30094FE94 /* Build configuration list for PBXNativeTarget "RecipeSearchAppTests" */ = {
			isa = XCConfigurationList;
			buildConfigurations = (
				077B2D562B9A70F30094FE94 /* Debug */,
				077B2D572B9A70F30094FE94 /* Release */,
			);
			defaultConfigurationIsVisible = 0;
			defaultConfigurationName = Release;
		};
		077CBB872B98BFDF00243EAD /* Build configuration list for PBXProject "RecipeSearchApp" */ = {
			isa = XCConfigurationList;
			buildConfigurations = (
				077CBBB42B98BFE000243EAD /* Debug */,
				077CBBB52B98BFE000243EAD /* Release */,
			);
			defaultConfigurationIsVisible = 0;
			defaultConfigurationName = Release;
		};
		077CBBB62B98BFE000243EAD /* Build configuration list for PBXNativeTarget "RecipeSearchApp" */ = {
			isa = XCConfigurationList;
			buildConfigurations = (
				077CBBB72B98BFE000243EAD /* Debug */,
				077CBBB82B98BFE000243EAD /* Release */,
			);
			defaultConfigurationIsVisible = 0;
			defaultConfigurationName = Release;
		};
/* End XCConfigurationList section */

/* Begin XCSwiftPackageProductDependency section */
		071257BF2B98E43300717C76 /* Coordinators_Impl */ = {
			isa = XCSwiftPackageProductDependency;
			productName = Coordinators_Impl;
		};
/* End XCSwiftPackageProductDependency section */
	};
	rootObject = 077CBB842B98BFDF00243EAD /* Project object */;
}
